
Microsoft Visual Studio Solution File, Format Version 12.00
# Visual Studio 2012
Project("{FAE04EC0-301F-11D3-BF4B-00C04F79EFBC}") = "iMM.KSP.Lib", "iMM.KSP.Lib\iMM.KSP.Lib.csproj", "{42E0D066-DEE1-4E45-8B81-FBC9A43B448C}"
EndProject
Project("{FAE04EC0-301F-11D3-BF4B-00C04F79EFBC}") = "iMM.KSP.CLI", "iMM.KSP.CLI\iMM.KSP.CLI.csproj", "{9F69C7B6-7B22-4AE5-BAFB-E4B654EA6D95}"
EndProject
Project("{FAE04EC0-301F-11D3-BF4B-00C04F79EFBC}") = "iMM.KSP.UI.WPF", "iMM.KSP.UI.WPF\iMM.KSP.UI.WPF.csproj", "{94B6EC13-C579-46D9-8235-CCFA4D814A74}"
EndProject
Global
	GlobalSection(SolutionConfigurationPlatforms) = preSolution
		Debug|Any CPU = Debug|Any CPU
		Release|Any CPU = Release|Any CPU
	EndGlobalSection
	GlobalSection(ProjectConfigurationPlatforms) = postSolution
		{42E0D066-DEE1-4E45-8B81-FBC9A43B448C}.Debug|Any CPU.ActiveCfg = Debug|Any CPU
		{42E0D066-DEE1-4E45-8B81-FBC9A43B448C}.Debug|Any CPU.Build.0 = Debug|Any CPU
		{42E0D066-DEE1-4E45-8B81-FBC9A43B448C}.Release|Any CPU.ActiveCfg = Release|Any CPU
		{42E0D066-DEE1-4E45-8B81-FBC9A43B448C}.Release|Any CPU.Build.0 = Release|Any CPU
		{9F69C7B6-7B22-4AE5-BAFB-E4B654EA6D95}.Debug|Any CPU.ActiveCfg = Debug|Any CPU
		{9F69C7B6-7B22-4AE5-BAFB-E4B654EA6D95}.Debug|Any CPU.Build.0 = Debug|Any CPU
		{9F69C7B6-7B22-4AE5-BAFB-E4B654EA6D95}.Release|Any CPU.ActiveCfg = Release|Any CPU
		{9F69C7B6-7B22-4AE5-BAFB-E4B654EA6D95}.Release|Any CPU.Build.0 = Release|Any CPU
		{94B6EC13-C579-46D9-8235-CCFA4D814A74}.Debug|Any CPU.ActiveCfg = Debug|Any CPU
		{94B6EC13-C579-46D9-8235-CCFA4D814A74}.Debug|Any CPU.Build.0 = Debug|Any CPU
		{94B6EC13-C579-46D9-8235-CCFA4D814A74}.Release|Any CPU.ActiveCfg = Release|Any CPU
		{94B6EC13-C579-46D9-8235-CCFA4D814A74}.Release|Any CPU.Build.0 = Release|Any CPU
	EndGlobalSection
	GlobalSection(SolutionProperties) = preSolution
		HideSolutionNode = FALSE
	EndGlobalSection
EndGlobal
